{
  "version": 4,
  "terraform_version": "1.15.5",
  "serial": 169,
  "lineage": "f16d686c-c77b-32a4-a06f-44008d95640c",
  "outputs": {
    "account_id": {
      "value": {
        "account_id": "230384145004",
        "arn": "arn:aws:iam::230384145004:user/Terraform",
        "id": "230384145004",
        "user_id": "AIDATLI7XCJWHUUOQUKL7"
      },
      "type": [
        "object",
        {
          "account_id": "string",
          "arn": "string",
          "id": "string",
          "user_id": "string"
        }
      ]
    },
    "user_names": {
      "value": [
        "Amanda Johnshon",
        "Braxton Smith",
        "Louis Kenney",
        "Kristan Nicholson",
        "Courtney Hartigan",
        "Natalia Cooper",
        "Carlton Williams"
      ],
      "type": [
        "tuple",
        [
          "string",
          "string",
          "string",
          "string",
          "string",
          "string",
          "string"
        ]
      ]
    }
  },
  "resources": [
    {
      "mode": "data",
      "type": "aws_caller_identity",
      "name": "name",
      "provider": "provider[\"registry.terraform.io/hashicorp/aws\"]",
      "instances": [
        {
          "schema_version": 0,
          "attributes": {
            "account_id": "230384145004",
            "arn": "arn:aws:iam::230384145004:user/Terraform",
            "id": "230384145004",
            "user_id": "AIDATLI7XCJWHUUOQUKL7"
          },
          "sensitive_attributes": [],
          "identity_schema_version": 0
        }
      ]
    },
    {
      "mode": "managed",
      "type": "aws_iam_group",
      "name": "education",
      "provider": "provider[\"registry.terraform.io/hashicorp/aws\"]",
      "instances": [
        {
          "schema_version": 0,
          "attributes": {
            "arn": "arn:aws:iam::230384145004:group/groups/Education",
            "id": "Education",
            "name": "Education",
            "path": "/groups/",
            "unique_id": "AGPATLI7XCJWDCRQL26YP"
          },
          "sensitive_attributes": [],
          "identity_schema_version": 0,
          "private": "bnVsbA=="
        }
      ]
    },
    {
      "mode": "managed",
      "type": "aws_iam_group",
      "name": "engineers",
      "provider": "provider[\"registry.terraform.io/hashicorp/aws\"]",
      "instances": [
        {
          "schema_version": 0,
          "attributes": {
            "arn": "arn:aws:iam::230384145004:group/groups/Engineers",
            "id": "Engineers",
            "name": "Engineers",
            "path": "/groups/",
            "unique_id": "AGPATLI7XCJWFGSRKDVSI"
          },
          "sensitive_attributes": [],
          "identity_schema_version": 0,
          "private": "bnVsbA=="
        }
      ]
    },
    {
      "mode": "managed",
      "type": "aws_iam_group",
      "name": "managers",
      "provider": "provider[\"registry.terraform.io/hashicorp/aws\"]",
      "instances": [
        {
          "schema_version": 0,
          "attributes": {
            "arn": "arn:aws:iam::230384145004:group/groups/Managers",
            "id": "Managers",
            "name": "Managers",
            "path": "/groups/",
            "unique_id": "AGPATLI7XCJWGXFRQZERZ"
          },
          "sensitive_attributes": [],
          "identity_schema_version": 0,
          "private": "bnVsbA=="
        }
      ]
    },
    {
      "mode": "managed",
      "type": "aws_iam_group_membership",
      "name": "education_membership",
      "provider": "provider[\"registry.terraform.io/hashicorp/aws\"]",
      "instances": [
        {
          "schema_version": 0,
          "attributes": {
            "group": "Education",
            "id": "education-membership",
            "name": "education-membership",
            "users": null
          },
          "sensitive_attributes": [],
          "identity_schema_version": 0,
          "private": "bnVsbA==",
          "dependencies": [
            "aws_iam_group.education",
            "aws_iam_user.users"
          ]
        }
      ]
    },
    {
      "mode": "managed",
      "type": "aws_iam_group_membership",
      "name": "engineers_membership",
      "provider": "provider[\"registry.terraform.io/hashicorp/aws\"]",
      "instances": [
        {
          "schema_version": 0,
          "attributes": {
            "group": "Engineers",
            "id": "engineers-membership",
            "name": "engineers-membership",
            "users": null
          },
          "sensitive_attributes": [],
          "identity_schema_version": 0,
          "private": "bnVsbA==",
          "dependencies": [
            "aws_iam_group.engineers",
            "aws_iam_user.users"
          ]
        }
      ]
    },
    {
      "mode": "managed",
      "type": "aws_iam_group_membership",
      "name": "managers_membership",
      "provider": "provider[\"registry.terraform.io/hashicorp/aws\"]",
      "instances": [
        {
          "schema_version": 0,
          "attributes": {
            "group": "Managers",
            "id": "managers-membership",
            "name": "managers-membership",
            "users": [
              "ajohnshon",
              "chartigan",
              "ncooper"
            ]
          },
          "sensitive_attributes": [],
          "identity_schema_version": 0,
          "private": "bnVsbA==",
          "dependencies": [
            "aws_iam_group.managers",
            "aws_iam_user.users"
          ]
        }
      ]
    },
    {
      "mode": "managed",
      "type": "aws_iam_user",
      "name": "users",
      "provider": "provider[\"registry.terraform.io/hashicorp/aws\"]",
      "instances": [
        {
          "index_key": "Amanda",
          "schema_version": 0,
          "attributes": {
            "arn": "arn:aws:iam::230384145004:user/users/ajohnshon",
            "force_destroy": false,
            "id": "ajohnshon",
            "name": "ajohnshon",
            "path": "/users/",
            "permissions_boundary": "",
            "tags": {
              "Department": " Engineer",
              "DisplayName": "Amanda Johnshon",
              "JobTitle": " Manager"
            },
            "tags_all": {
              "Department": " Engineer",
              "DisplayName": "Amanda Johnshon",
              "JobTitle": " Manager"
            },
            "unique_id": "AIDATLI7XCJWMBF4Z6SZS"
          },
          "sensitive_attributes": [],
          "identity_schema_version": 0,
          "identity": {
            "account_id": "230384145004",
            "name": "ajohnshon"
          },
          "private": "bnVsbA=="
        },
        {
          "index_key": "Braxton",
          "schema_version": 0,
          "attributes": {
            "arn": "arn:aws:iam::230384145004:user/users/bsmith",
            "force_destroy": false,
            "id": "bsmith",
            "name": "bsmith",
            "path": "/users/",
            "permissions_boundary": "",
            "tags": {
              "Department": " Sales",
              "DisplayName": "Braxton Smith",
              "JobTitle": " Representative"
            },
            "tags_all": {
              "Department": " Sales",
              "DisplayName": "Braxton Smith",
              "JobTitle": " Representative"
            },
            "unique_id": "AIDATLI7XCJWADEPCKTSK"
          },
          "sensitive_attributes": [],
          "identity_schema_version": 0,
          "identity": {
            "account_id": "230384145004",
            "name": "bsmith"
          },
          "private": "bnVsbA=="
        },
        {
          "index_key": "Carlton",
          "schema_version": 0,
          "attributes": {
            "arn": "arn:aws:iam::230384145004:user/users/cwilliams",
            "force_destroy": false,
            "id": "cwilliams",
            "name": "cwilliams",
            "path": "/users/",
            "permissions_boundary": "",
            "tags": {
              "Department": " Temp",
              "DisplayName": "Carlton Williams",
              "JobTitle": " Temp"
            },
            "tags_all": {
              "Department": " Temp",
              "DisplayName": "Carlton Williams",
              "JobTitle": " Temp"
            },
            "unique_id": "AIDATLI7XCJWK3HQCDELY"
          },
          "sensitive_attributes": [],
          "identity_schema_version": 0,
          "identity": {
            "account_id": "230384145004",
            "name": "cwilliams"
          },
          "private": "bnVsbA=="
        },
        {
          "index_key": "Courtney",
          "schema_version": 0,
          "attributes": {
            "arn": "arn:aws:iam::230384145004:user/users/chartigan",
            "force_destroy": false,
            "id": "chartigan",
            "name": "chartigan",
            "path": "/users/",
            "permissions_boundary": "",
            "tags": {
              "Department": " Accounting",
              "DisplayName": "Courtney Hartigan",
              "JobTitle": " Manager"
            },
            "tags_all": {
              "Department": " Accounting",
              "DisplayName": "Courtney Hartigan",
              "JobTitle": " Manager"
            },
            "unique_id": "AIDATLI7XCJWCIHB4KGTI"
          },
          "sensitive_attributes": [],
          "identity_schema_version": 0,
          "identity": {
            "account_id": "230384145004",
            "name": "chartigan"
          },
          "private": "bnVsbA=="
        },
        {
          "index_key": "Kristan",
          "schema_version": 0,
          "attributes": {
            "arn": "arn:aws:iam::230384145004:user/users/knicholson",
            "force_destroy": false,
            "id": "knicholson",
            "name": "knicholson",
            "path": "/users/",
            "permissions_boundary": "",
            "tags": {
              "Department": " Temp",
              "DisplayName": "Kristan Nicholson",
              "JobTitle": " Temp"
            },
            "tags_all": {
              "Department": " Temp",
              "DisplayName": "Kristan Nicholson",
              "JobTitle": " Temp"
            },
            "unique_id": "AIDATLI7XCJWAJLNTD6A7"
          },
          "sensitive_attributes": [],
          "identity_schema_version": 0,
          "identity": {
            "account_id": "230384145004",
            "name": "knicholson"
          },
          "private": "bnVsbA=="
        },
        {
          "index_key": "Louis",
          "schema_version": 0,
          "attributes": {
            "arn": "arn:aws:iam::230384145004:user/users/lkenney",
            "force_destroy": false,
            "id": "lkenney",
            "name": "lkenney",
            "path": "/users/",
            "permissions_boundary": "",
            "tags": {
              "Department": " Sales",
              "DisplayName": "Louis Kenney",
              "JobTitle": " Representative"
            },
            "tags_all": {
              "Department": " Sales",
              "DisplayName": "Louis Kenney",
              "JobTitle": " Representative"
            },
            "unique_id": "AIDATLI7XCJWHGVVCHTYT"
          },
          "sensitive_attributes": [],
          "identity_schema_version": 0,
          "identity": {
            "account_id": "230384145004",
            "name": "lkenney"
          },
          "private": "bnVsbA=="
        },
        {
          "index_key": "Natalia",
          "schema_version": 0,
          "attributes": {
            "arn": "arn:aws:iam::230384145004:user/users/ncooper",
            "force_destroy": false,
            "id": "ncooper",
            "name": "ncooper",
            "path": "/users/",
            "permissions_boundary": "",
            "tags": {
              "Department": " Engineer",
              "DisplayName": "Natalia Cooper",
              "JobTitle": " CEO"
            },
            "tags_all": {
              "Department": " Engineer",
              "DisplayName": "Natalia Cooper",
              "JobTitle": " CEO"
            },
            "unique_id": "AIDATLI7XCJWGOCE7TQKJ"
          },
          "sensitive_attributes": [],
          "identity_schema_version": 0,
          "identity": {
            "account_id": "230384145004",
            "name": "ncooper"
          },
          "private": "bnVsbA=="
        }
      ]
    },
    {
      "mode": "managed",
      "type": "aws_iam_user_login_profile",
      "name": "user",
      "provider": "provider[\"registry.terraform.io/hashicorp/aws\"]",
      "instances": [
        {
          "index_key": "Amanda",
          "schema_version": 0,
          "attributes": {
            "encrypted_password": null,
            "id": "ajohnshon",
            "key_fingerprint": null,
            "password": "Z5eg7$86|YJ5wCBA9QPV",
            "password_length": 20,
            "password_reset_required": true,
            "pgp_key": null,
            "user": "ajohnshon"
          },
          "sensitive_attributes": [
            [
              {
                "type": "get_attr",
                "value": "password"
              }
            ]
          ],
          "identity_schema_version": 0,
          "private": "bnVsbA==",
          "dependencies": [
            "aws_iam_user.users"
          ]
        },
        {
          "index_key": "Braxton",
          "schema_version": 0,
          "attributes": {
            "encrypted_password": null,
            "id": "bsmith",
            "key_fingerprint": null,
            "password": "h533#nX1F(#@TT+%C(b=",
            "password_length": 20,
            "password_reset_required": true,
            "pgp_key": null,
            "user": "bsmith"
          },
          "sensitive_attributes": [
            [
              {
                "type": "get_attr",
                "value": "password"
              }
            ]
          ],
          "identity_schema_version": 0,
          "private": "bnVsbA==",
          "dependencies": [
            "aws_iam_user.users"
          ]
        },
        {
          "index_key": "Carlton",
          "schema_version": 0,
          "attributes": {
            "encrypted_password": null,
            "id": "cwilliams",
            "key_fingerprint": null,
            "password": "2$opP3ZY2DLV_z\u00267$Qa8",
            "password_length": 20,
            "password_reset_required": true,
            "pgp_key": null,
            "user": "cwilliams"
          },
          "sensitive_attributes": [
            [
              {
                "type": "get_attr",
                "value": "password"
              }
            ]
          ],
          "identity_schema_version": 0,
          "private": "bnVsbA==",
          "dependencies": [
            "aws_iam_user.users"
          ]
        },
        {
          "index_key": "Courtney",
          "schema_version": 0,
          "attributes": {
            "encrypted_password": null,
            "id": "chartigan",
            "key_fingerprint": null,
            "password": "Y^FB8mWT0gh%+8JaqQ'_",
            "password_length": 20,
            "password_reset_required": true,
            "pgp_key": null,
            "user": "chartigan"
          },
          "sensitive_attributes": [
            [
              {
                "type": "get_attr",
                "value": "password"
              }
            ]
          ],
          "identity_schema_version": 0,
          "private": "bnVsbA==",
          "dependencies": [
            "aws_iam_user.users"
          ]
        },
        {
          "index_key": "Kristan",
          "schema_version": 0,
          "attributes": {
            "encrypted_password": null,
            "id": "knicholson",
            "key_fingerprint": null,
            "password": "(YFZzt9#D[rhc+aUWfsn",
            "password_length": 20,
            "password_reset_required": true,
            "pgp_key": null,
            "user": "knicholson"
          },
          "sensitive_attributes": [
            [
              {
                "type": "get_attr",
                "value": "password"
              }
            ]
          ],
          "identity_schema_version": 0,
          "private": "bnVsbA==",
          "dependencies": [
            "aws_iam_user.users"
          ]
        },
        {
          "index_key": "Louis",
          "schema_version": 0,
          "attributes": {
            "encrypted_password": null,
            "id": "lkenney",
            "key_fingerprint": null,
            "password": "'2]*G)\u0026$AkiddOo(AGPj",
            "password_length": 20,
            "password_reset_required": true,
            "pgp_key": null,
            "user": "lkenney"
          },
          "sensitive_attributes": [
            [
              {
                "type": "get_attr",
                "value": "password"
              }
            ]
          ],
          "identity_schema_version": 0,
          "private": "bnVsbA==",
          "dependencies": [
            "aws_iam_user.users"
          ]
        },
        {
          "index_key": "Natalia",
          "schema_version": 0,
          "attributes": {
            "encrypted_password": null,
            "id": "ncooper",
            "key_fingerprint": null,
            "password": "\u0026nyCifV(#W5U2siAgz4H",
            "password_length": 20,
            "password_reset_required": true,
            "pgp_key": null,
            "user": "ncooper"
          },
          "sensitive_attributes": [
            [
              {
                "type": "get_attr",
                "value": "password"
              }
            ]
          ],
          "identity_schema_version": 0,
          "private": "bnVsbA==",
          "dependencies": [
            "aws_iam_user.users"
          ]
        }
      ]
    },
    {
      "mode": "managed",
      "type": "aws_instance",
      "name": "jordon_ec2",
      "provider": "provider[\"registry.terraform.io/hashicorp/aws\"]",
      "instances": [
        {
          "schema_version": 2,
          "attributes": {
            "ami": "ami-02b64aa047cb5edf5",
            "arn": "arn:aws:ec2:us-east-1:230384145004:instance/i-03c881f486ee636cc",
            "associate_public_ip_address": true,
            "availability_zone": "us-east-1a",
            "capacity_reservation_specification": [
              {
                "capacity_reservation_preference": "open",
                "capacity_reservation_target": []
              }
            ],
            "cpu_options": [
              {
                "amd_sev_snp": "",
                "core_count": 1,
                "nested_virtualization": "",
                "threads_per_core": 1
              }
            ],
            "credit_specification": [
              {
                "cpu_credits": "standard"
              }
            ],
            "disable_api_stop": false,
            "disable_api_termination": false,
            "ebs_block_device": [],
            "ebs_optimized": false,
            "enable_primary_ipv6": null,
            "enclave_options": [
              {
                "enabled": false
              }
            ],
            "ephemeral_block_device": [],
            "force_destroy": false,
            "get_password_data": false,
            "hibernation": false,
            "host_id": "",
            "host_resource_group_arn": null,
            "iam_instance_profile": "",
            "id": "i-03c881f486ee636cc",
            "instance_initiated_shutdown_behavior": "stop",
            "instance_lifecycle": "",
            "instance_market_options": [],
            "instance_state": "running",
            "instance_type": "t2.micro",
            "ipv6_address_count": 0,
            "ipv6_addresses": [],
            "key_name": "",
            "launch_template": [],
            "maintenance_options": [
              {
                "auto_recovery": "default"
              }
            ],
            "metadata_options": [
              {
                "http_endpoint": "enabled",
                "http_protocol_ipv6": "disabled",
                "http_put_response_hop_limit": 2,
                "http_tokens": "required",
                "instance_metadata_tags": "disabled"
              }
            ],
            "monitoring": false,
            "network_interface": [],
            "outpost_arn": "",
            "password_data": "",
            "placement_group": "",
            "placement_group_id": "",
            "placement_partition_number": 0,
            "primary_network_interface": [
              {
                "delete_on_termination": true,
                "network_interface_id": "eni-094ac1959119c1649"
              }
            ],
            "primary_network_interface_id": "eni-094ac1959119c1649",
            "private_dns": "ip-10-0-1-14.ec2.internal",
            "private_dns_name_options": [
              {
                "enable_resource_name_dns_a_record": false,
                "enable_resource_name_dns_aaaa_record": false,
                "hostname_type": "ip-name"
              }
            ],
            "private_ip": "10.0.1.14",
            "public_dns": "",
            "public_ip": "54.237.206.200",
            "region": "us-east-1",
            "root_block_device": [
              {
                "delete_on_termination": true,
                "device_name": "/dev/xvda",
                "encrypted": false,
                "iops": 3000,
                "kms_key_id": "",
                "tags": {},
                "tags_all": {},
                "throughput": 125,
                "volume_id": "vol-06a0634ce5ad4b4e1",
                "volume_size": 8,
                "volume_type": "gp3"
              }
            ],
            "secondary_network_interface": [],
            "secondary_private_ips": [],
            "security_groups": [],
            "source_dest_check": true,
            "spot_instance_request_id": "",
            "subnet_id": "subnet-0751c5bf399beaf8a",
            "tags": {
              "Name": "Jordon-EC2"
            },
            "tags_all": {
              "Name": "Jordon-EC2"
            },
            "tenancy": "default",
            "timeouts": null,
            "user_data": null,
            "user_data_base64": null,
            "user_data_replace_on_change": false,
            "volume_tags": null,
            "vpc_security_group_ids": [
              "sg-0ab9b4d14a31792a9"
            ]
          },
          "sensitive_attributes": [],
          "identity_schema_version": 0,
          "identity": {
            "account_id": "230384145004",
            "id": "i-03c881f486ee636cc",
            "region": "us-east-1"
          },
          "private": "eyJlMmJmYjczMC1lY2FhLTExZTYtOGY4OC0zNDM2M2JjN2M0YzAiOnsiY3JlYXRlIjo2MDAwMDAwMDAwMDAsImRlbGV0ZSI6MTIwMDAwMDAwMDAwMCwicmVhZCI6OTAwMDAwMDAwMDAwLCJ1cGRhdGUiOjYwMDAwMDAwMDAwMH0sInNjaGVtYV92ZXJzaW9uIjoiMiJ9",
          "dependencies": [
            "aws_security_group.jordon_sg",
            "aws_subnet.main",
            "aws_vpc.main"
          ]
        }
      ]
    },
    {
      "mode": "managed",
      "type": "aws_internet_gateway",
      "name": "main",
      "provider": "provider[\"registry.terraform.io/hashicorp/aws\"]",
      "instances": [
        {
          "schema_version": 0,
          "attributes": {
            "arn": "arn:aws:ec2:us-east-1:230384145004:internet-gateway/igw-0be55c4584740645b",
            "id": "igw-0be55c4584740645b",
            "owner_id": "230384145004",
            "region": "us-east-1",
            "tags": {
              "Name": "main_igw"
            },
            "tags_all": {
              "Name": "main_igw"
            },
            "timeouts": null,
            "vpc_id": "vpc-06b03267e96efaa8d"
          },
          "sensitive_attributes": [],
          "identity_schema_version": 0,
          "identity": {
            "account_id": "230384145004",
            "id": "igw-0be55c4584740645b",
            "region": "us-east-1"
          },
          "private": "eyJlMmJmYjczMC1lY2FhLTExZTYtOGY4OC0zNDM2M2JjN2M0YzAiOnsiY3JlYXRlIjoxMjAwMDAwMDAwMDAwLCJkZWxldGUiOjEyMDAwMDAwMDAwMDAsInVwZGF0ZSI6MTIwMDAwMDAwMDAwMH19",
          "dependencies": [
            "aws_vpc.main"
          ]
        }
      ]
    },
    {
      "mode": "managed",
      "type": "aws_route_table",
      "name": "main",
      "provider": "provider[\"registry.terraform.io/hashicorp/aws\"]",
      "instances": [
        {
          "schema_version": 0,
          "attributes": {
            "arn": "arn:aws:ec2:us-east-1:230384145004:route-table/rtb-0be4c0c0be04e9c4a",
            "id": "rtb-0be4c0c0be04e9c4a",
            "owner_id": "230384145004",
            "propagating_vgws": [],
            "region": "us-east-1",
            "route": [
              {
                "carrier_gateway_id": "",
                "cidr_block": "0.0.0.0/0",
                "core_network_arn": "",
                "destination_prefix_list_id": "",
                "egress_only_gateway_id": "",
                "gateway_id": "igw-0be55c4584740645b",
                "ipv6_cidr_block": "",
                "local_gateway_id": "",
                "nat_gateway_id": "",
                "network_interface_id": "",
                "odb_network_arn": "",
                "transit_gateway_id": "",
                "vpc_endpoint_id": "",
                "vpc_peering_connection_id": ""
              }
            ],
            "tags": {
              "Name": "main_rt"
            },
            "tags_all": {
              "Name": "main_rt"
            },
            "timeouts": null,
            "vpc_id": "vpc-06b03267e96efaa8d"
          },
          "sensitive_attributes": [],
          "identity_schema_version": 0,
          "identity": {
            "account_id": "230384145004",
            "id": "rtb-0be4c0c0be04e9c4a",
            "region": "us-east-1"
          },
          "private": "eyJlMmJmYjczMC1lY2FhLTExZTYtOGY4OC0zNDM2M2JjN2M0YzAiOnsiY3JlYXRlIjozMDAwMDAwMDAwMDAsImRlbGV0ZSI6MzAwMDAwMDAwMDAwLCJ1cGRhdGUiOjEyMDAwMDAwMDAwMH19",
          "dependencies": [
            "aws_internet_gateway.main",
            "aws_vpc.main"
          ]
        }
      ]
    },
    {
      "mode": "managed",
      "type": "aws_route_table_association",
      "name": "main",
      "provider": "provider[\"registry.terraform.io/hashicorp/aws\"]",
      "instances": [
        {
          "schema_version": 0,
          "attributes": {
            "gateway_id": "",
            "id": "rtbassoc-0f06a3d55f9804246",
            "region": "us-east-1",
            "route_table_id": "rtb-0be4c0c0be04e9c4a",
            "subnet_id": "subnet-0751c5bf399beaf8a",
            "timeouts": null
          },
          "sensitive_attributes": [],
          "identity_schema_version": 0,
          "identity": {
            "account_id": "230384145004",
            "id": "rtbassoc-0f06a3d55f9804246",
            "region": "us-east-1"
          },
          "private": "eyJlMmJmYjczMC1lY2FhLTExZTYtOGY4OC0zNDM2M2JjN2M0YzAiOnsiY3JlYXRlIjozMDAwMDAwMDAwMDAsImRlbGV0ZSI6MzAwMDAwMDAwMDAwLCJ1cGRhdGUiOjEyMDAwMDAwMDAwMH19",
          "dependencies": [
            "aws_internet_gateway.main",
            "aws_route_table.main",
            "aws_subnet.main",
            "aws_vpc.main"
          ]
        }
      ]
    },
    {
      "mode": "managed",
      "type": "aws_security_group",
      "name": "jordon_sg",
      "provider": "provider[\"registry.terraform.io/hashicorp/aws\"]",
      "instances": [
        {
          "schema_version": 1,
          "attributes": {
            "arn": "arn:aws:ec2:us-east-1:230384145004:security-group/sg-0ab9b4d14a31792a9",
            "description": "Allow SSH and HTTP",
            "egress": [
              {
                "cidr_blocks": [
                  "0.0.0.0/0"
                ],
                "description": "",
                "from_port": 0,
                "ipv6_cidr_blocks": [],
                "prefix_list_ids": [],
                "protocol": "-1",
                "security_groups": [],
                "self": false,
                "to_port": 0
              }
            ],
            "id": "sg-0ab9b4d14a31792a9",
            "ingress": [
              {
                "cidr_blocks": [
                  "0.0.0.0/0"
                ],
                "description": "",
                "from_port": 22,
                "ipv6_cidr_blocks": [],
                "prefix_list_ids": [],
                "protocol": "tcp",
                "security_groups": [],
                "self": false,
                "to_port": 22
              },
              {
                "cidr_blocks": [
                  "0.0.0.0/0"
                ],
                "description": "",
                "from_port": 80,
                "ipv6_cidr_blocks": [],
                "prefix_list_ids": [],
                "protocol": "tcp",
                "security_groups": [],
                "self": false,
                "to_port": 80
              }
            ],
            "name": "jordon_sg",
            "name_prefix": "",
            "owner_id": "230384145004",
            "region": "us-east-1",
            "revoke_rules_on_delete": false,
            "tags": {
              "Name": "jordon_sg"
            },
            "tags_all": {
              "Name": "jordon_sg"
            },
            "timeouts": null,
            "vpc_id": "vpc-06b03267e96efaa8d"
          },
          "sensitive_attributes": [],
          "identity_schema_version": 0,
          "identity": {
            "account_id": "230384145004",
            "id": "sg-0ab9b4d14a31792a9",
            "region": "us-east-1"
          },
          "private": "eyJlMmJmYjczMC1lY2FhLTExZTYtOGY4OC0zNDM2M2JjN2M0YzAiOnsiY3JlYXRlIjo2MDAwMDAwMDAwMDAsImRlbGV0ZSI6OTAwMDAwMDAwMDAwfSwic2NoZW1hX3ZlcnNpb24iOiIxIn0=",
          "dependencies": [
            "aws_vpc.main"
          ]
        }
      ]
    },
    {
      "mode": "managed",
      "type": "aws_subnet",
      "name": "main",
      "provider": "provider[\"registry.terraform.io/hashicorp/aws\"]",
      "instances": [
        {
          "schema_version": 1,
          "attributes": {
            "arn": "arn:aws:ec2:us-east-1:230384145004:subnet/subnet-0751c5bf399beaf8a",
            "assign_ipv6_address_on_creation": false,
            "availability_zone": "us-east-1a",
            "availability_zone_id": "use1-az2",
            "cidr_block": "10.0.1.0/24",
            "customer_owned_ipv4_pool": "",
            "enable_dns64": false,
            "enable_lni_at_device_index": 0,
            "enable_resource_name_dns_a_record_on_launch": false,
            "enable_resource_name_dns_aaaa_record_on_launch": false,
            "id": "subnet-0751c5bf399beaf8a",
            "ipv4_ipam_pool_id": null,
            "ipv4_netmask_length": null,
            "ipv6_cidr_block": "",
            "ipv6_cidr_block_association_id": "",
            "ipv6_ipam_pool_id": null,
            "ipv6_native": false,
            "ipv6_netmask_length": null,
            "map_customer_owned_ip_on_launch": false,
            "map_public_ip_on_launch": true,
            "outpost_arn": "",
            "owner_id": "230384145004",
            "private_dns_hostname_type_on_launch": "ip-name",
            "region": "us-east-1",
            "tags": {
              "Name": "main_subnet"
            },
            "tags_all": {
              "Name": "main_subnet"
            },
            "timeouts": null,
            "vpc_id": "vpc-06b03267e96efaa8d"
          },
          "sensitive_attributes": [],
          "identity_schema_version": 0,
          "identity": {
            "account_id": "230384145004",
            "id": "subnet-0751c5bf399beaf8a",
            "region": "us-east-1"
          },
          "private": "eyJlMmJmYjczMC1lY2FhLTExZTYtOGY4OC0zNDM2M2JjN2M0YzAiOnsiY3JlYXRlIjo2MDAwMDAwMDAwMDAsImRlbGV0ZSI6MTIwMDAwMDAwMDAwMH0sInNjaGVtYV92ZXJzaW9uIjoiMSJ9",
          "dependencies": [
            "aws_vpc.main"
          ]
        }
      ]
    },
    {
      "mode": "managed",
      "type": "aws_vpc",
      "name": "main",
      "provider": "provider[\"registry.terraform.io/hashicorp/aws\"]",
      "instances": [
        {
          "schema_version": 1,
          "attributes": {
            "arn": "arn:aws:ec2:us-east-1:230384145004:vpc/vpc-06b03267e96efaa8d",
            "assign_generated_ipv6_cidr_block": false,
            "cidr_block": "10.0.0.0/16",
            "default_network_acl_id": "acl-0c0fe62d319c8fddc",
            "default_route_table_id": "rtb-078cf928c1df4f788",
            "default_security_group_id": "sg-08f681847e989651a",
            "dhcp_options_id": "dopt-0d96a5794dff26d70",
            "enable_dns_hostnames": false,
            "enable_dns_support": true,
            "enable_network_address_usage_metrics": false,
            "id": "vpc-06b03267e96efaa8d",
            "instance_tenancy": "default",
            "ipv4_ipam_pool_id": null,
            "ipv4_netmask_length": null,
            "ipv6_association_id": "",
            "ipv6_cidr_block": "",
            "ipv6_cidr_block_network_border_group": "",
            "ipv6_ipam_pool_id": "",
            "ipv6_netmask_length": 0,
            "main_route_table_id": "rtb-078cf928c1df4f788",
            "owner_id": "230384145004",
            "region": "us-east-1",
            "tags": {
              "Name": "main"
            },
            "tags_all": {
              "Name": "main"
            }
          },
          "sensitive_attributes": [],
          "identity_schema_version": 0,
          "identity": {
            "account_id": "230384145004",
            "id": "vpc-06b03267e96efaa8d",
            "region": "us-east-1"
          },
          "private": "eyJzY2hlbWFfdmVyc2lvbiI6IjEifQ=="
        }
      ]
    }
  ],
  "check_results": null
}
